// !$*UTF8*$!
{
	archiveVersion = 1;
	classes = {
	};
	objectVersion = 48;
	objects = {

/* Begin PBXBuildFile section */
		BE5257F71FF8197500BDC75A /* AppDelegate+BoilerPlate.swift in Sources */ = {isa = PBXBuildFile; fileRef = BE5257F61FF8197500BDC75A /* AppDelegate+BoilerPlate.swift */; };
		BE5257FF1FF8197500BDC75A /* BoardGameViewController.swift in Sources */ = {isa = PBXBuildFile; fileRef = BE5257FE1FF8197500BDC75A /* BoardGameViewController.swift */; };
		BE5258021FF8197500BDC75A /* Main.storyboard in Resources */ = {isa = PBXBuildFile; fileRef = BE5258001FF8197500BDC75A /* Main.storyboard */; };
		BE5258041FF8197500BDC75A /* Assets.xcassets in Resources */ = {isa = PBXBuildFile; fileRef = BE5258031FF8197500BDC75A /* Assets.xcassets */; };
		BE5258071FF8197500BDC75A /* LaunchScreen.storyboard in Resources */ = {isa = PBXBuildFile; fileRef = BE5258051FF8197500BDC75A /* LaunchScreen.storyboard */; };
		BE5258121FF8197600BDC75A /* BoardDeltaTests.swift in Sources */ = {isa = PBXBuildFile; fileRef = BE5258111FF8197600BDC75A /* BoardDeltaTests.swift */; };
		BE52581D1FF8197600BDC75A /* BoardGameUITests.swift in Sources */ = {isa = PBXBuildFile; fileRef = BE52581C1FF8197600BDC75A /* BoardGameUITests.swift */; };
		BE52582B1FF81A3B00BDC75A /* BoardGameScene.swift in Sources */ = {isa = PBXBuildFile; fileRef = BE52582A1FF81A3B00BDC75A /* BoardGameScene.swift */; };
		BE921C592002BB440029FFB3 /* BoardGame+Equatable.swift in Sources */ = {isa = PBXBuildFile; fileRef = BE921C582002BB440029FFB3 /* BoardGame+Equatable.swift */; };
		BE921C5B2002BBAD0029FFB3 /* BoardGame+CustomStringConvertible.swift in Sources */ = {isa = PBXBuildFile; fileRef = BE921C5A2002BBAD0029FFB3 /* BoardGame+CustomStringConvertible.swift */; };
		BE921C5C2002BBAD0029FFB3 /* BoardGame+CustomStringConvertible.swift in Sources */ = {isa = PBXBuildFile; fileRef = BE921C5A2002BBAD0029FFB3 /* BoardGame+CustomStringConvertible.swift */; };
		BE921C5D2002BBC10029FFB3 /* BoardGame+Equatable.swift in Sources */ = {isa = PBXBuildFile; fileRef = BE921C582002BB440029FFB3 /* BoardGame+Equatable.swift */; };
		BEF3A0F81FFB163300354075 /* Direction.swift in Sources */ = {isa = PBXBuildFile; fileRef = BEF3A0F71FFB163300354075 /* Direction.swift */; };
		BEF3A0F91FFB163300354075 /* Direction.swift in Sources */ = {isa = PBXBuildFile; fileRef = BEF3A0F71FFB163300354075 /* Direction.swift */; };
		BEF3A0FB1FFB164900354075 /* BoardDelta.swift in Sources */ = {isa = PBXBuildFile; fileRef = BEF3A0FA1FFB164900354075 /* BoardDelta.swift */; };
		BEF3A0FC1FFB164900354075 /* BoardDelta.swift in Sources */ = {isa = PBXBuildFile; fileRef = BEF3A0FA1FFB164900354075 /* BoardDelta.swift */; };
		BEF3A0FE1FFB16C000354075 /* ShiftMove.swift in Sources */ = {isa = PBXBuildFile; fileRef = BEF3A0FD1FFB16C000354075 /* ShiftMove.swift */; };
		BEF3A0FF1FFB16C000354075 /* ShiftMove.swift in Sources */ = {isa = PBXBuildFile; fileRef = BEF3A0FD1FFB16C000354075 /* ShiftMove.swift */; };
		BEF3A1011FFB16DC00354075 /* Board.swift in Sources */ = {isa = PBXBuildFile; fileRef = BEF3A1001FFB16DC00354075 /* Board.swift */; };
		BEF3A1021FFB16DC00354075 /* Board.swift in Sources */ = {isa = PBXBuildFile; fileRef = BEF3A1001FFB16DC00354075 /* Board.swift */; };
		BEF3A1041FFB16EC00354075 /* Game.swift in Sources */ = {isa = PBXBuildFile; fileRef = BEF3A1031FFB16EC00354075 /* Game.swift */; };
		BEF3A1051FFB16EC00354075 /* Game.swift in Sources */ = {isa = PBXBuildFile; fileRef = BEF3A1031FFB16EC00354075 /* Game.swift */; };
		BEF59ABF1FF98A0400F734B1 /* BoardGameTile.swift in Sources */ = {isa = PBXBuildFile; fileRef = BEF59ABE1FF98A0400F734B1 /* BoardGameTile.swift */; };
/* End PBXBuildFile section */

/* Begin PBXContainerItemProxy section */
		BE52580E1FF8197600BDC75A /* PBXContainerItemProxy */ = {
			isa = PBXContainerItemProxy;
			containerPortal = BE5257EB1FF8197500BDC75A /* Project object */;
			proxyType = 1;
			remoteGlobalIDString = BE5257F21FF8197500BDC75A;
			remoteInfo = BoardGame;
		};
		BE5258191FF8197600BDC75A /* PBXContainerItemProxy */ = {
			isa = PBXContainerItemProxy;
			containerPortal = BE5257EB1FF8197500BDC75A /* Project object */;
			proxyType = 1;
			remoteGlobalIDString = BE5257F21FF8197500BDC75A;
			remoteInfo = BoardGame;
		};
/* End PBXContainerItemProxy section */

/* Begin PBXFileReference section */
		BE5257F31FF8197500BDC75A /* BoardGame.app */ = {isa = PBXFileReference; explicitFileType = wrapper.application; includeInIndex = 0; path = BoardGame.app; sourceTree = BUILT_PRODUCTS_DIR; };
		BE5257F61FF8197500BDC75A /* AppDelegate+BoilerPlate.swift */ = {isa = PBXFileReference; lastKnownFileType = sourcecode.swift; path = "AppDelegate+BoilerPlate.swift"; sourceTree = "<group>"; };
		BE5257FE1FF8197500BDC75A /* BoardGameViewController.swift */ = {isa = PBXFileReference; lastKnownFileType = sourcecode.swift; path = BoardGameViewController.swift; sourceTree = "<group>"; };
		BE5258011FF8197500BDC75A /* Base */ = {isa = PBXFileReference; lastKnownFileType = file.storyboard; name = Base; path = Base.lproj/Main.storyboard; sourceTree = "<group>"; };
		BE5258031FF8197500BDC75A /* Assets.xcassets */ = {isa = PBXFileReference; lastKnownFileType = folder.assetcatalog; path = Assets.xcassets; sourceTree = "<group>"; };
		BE5258061FF8197500BDC75A /* Base */ = {isa = PBXFileReference; lastKnownFileType = file.storyboard; name = Base; path = Base.lproj/LaunchScreen.storyboard; sourceTree = "<group>"; };
		BE5258081FF8197500BDC75A /* Info.plist */ = {isa = PBXFileReference; lastKnownFileType = text.plist.xml; path = Info.plist; sourceTree = "<group>"; };
		BE52580D1FF8197600BDC75A /* BoardGameTests.xctest */ = {isa = PBXFileReference; explicitFileType = wrapper.cfbundle; includeInIndex = 0; path = BoardGameTests.xctest; sourceTree = BUILT_PRODUCTS_DIR; };
		BE5258111FF8197600BDC75A /* BoardDeltaTests.swift */ = {isa = PBXFileReference; lastKnownFileType = sourcecode.swift; path = BoardDeltaTests.swift; sourceTree = "<group>"; };
		BE5258131FF8197600BDC75A /* Info.plist */ = {isa = PBXFileReference; lastKnownFileType = text.plist.xml; path = Info.plist; sourceTree = "<group>"; };
		BE5258181FF8197600BDC75A /* BoardGameUITests.xctest */ = {isa = PBXFileReference; explicitFileType = wrapper.cfbundle; includeInIndex = 0; path = BoardGameUITests.xctest; sourceTree = BUILT_PRODUCTS_DIR; };
		BE52581C1FF8197600BDC75A /* BoardGameUITests.swift */ = {isa = PBXFileReference; lastKnownFileType = sourcecode.swift; path = BoardGameUITests.swift; sourceTree = "<group>"; };
		BE52581E1FF8197600BDC75A /* Info.plist */ = {isa = PBXFileReference; lastKnownFileType = text.plist.xml; path = Info.plist; sourceTree = "<group>"; };
		BE52582A1FF81A3B00BDC75A /* BoardGameScene.swift */ = {isa = PBXFileReference; fileEncoding = 4; lastKnownFileType = sourcecode.swift; path = BoardGameScene.swift; sourceTree = "<group>"; };
		BE921C582002BB440029FFB3 /* BoardGame+Equatable.swift */ = {isa = PBXFileReference; lastKnownFileType = sourcecode.swift; path = "BoardGame+Equatable.swift"; sourceTree = "<group>"; };
		BE921C5A2002BBAD0029FFB3 /* BoardGame+CustomStringConvertible.swift */ = {isa = PBXFileReference; lastKnownFileType = sourcecode.swift; path = "BoardGame+CustomStringConvertible.swift"; sourceTree = "<group>"; };
		BEF3A0F71FFB163300354075 /* Direction.swift */ = {isa = PBXFileReference; lastKnownFileType = sourcecode.swift; path = Direction.swift; sourceTree = "<group>"; };
		BEF3A0FA1FFB164900354075 /* BoardDelta.swift */ = {isa = PBXFileReference; lastKnownFileType = sourcecode.swift; path = BoardDelta.swift; sourceTree = "<group>"; };
		BEF3A0FD1FFB16C000354075 /* ShiftMove.swift */ = {isa = PBXFileReference; lastKnownFileType = sourcecode.swift; path = ShiftMove.swift; sourceTree = "<group>"; };
		BEF3A1001FFB16DC00354075 /* Board.swift */ = {isa = PBXFileReference; lastKnownFileType = sourcecode.swift; path = Board.swift; sourceTree = "<group>"; };
		BEF3A1031FFB16EC00354075 /* Game.swift */ = {isa = PBXFileReference; lastKnownFileType = sourcecode.swift; path = Game.swift; sourceTree = "<group>"; };
		BEF59ABE1FF98A0400F734B1 /* BoardGameTile.swift */ = {isa = PBXFileReference; lastKnownFileType = sourcecode.swift; path = BoardGameTile.swift; sourceTree = "<group>"; };
/* End PBXFileReference section */

/* Begin PBXFrameworksBuildPhase section */
		BE5257F01FF8197500BDC75A /* Frameworks */ = {
			isa = PBXFrameworksBuildPhase;
			buildActionMask = 2147483647;
			files = (
			);
			runOnlyForDeploymentPostprocessing = 0;
		};
		BE52580A1FF8197600BDC75A /* Frameworks */ = {
			isa = PBXFrameworksBuildPhase;
			buildActionMask = 2147483647;
			files = (
			);
			runOnlyForDeploymentPostprocessing = 0;
		};
		BE5258151FF8197600BDC75A /* Frameworks */ = {
			isa = PBXFrameworksBuildPhase;
			buildActionMask = 2147483647;
			files = (
			);
			runOnlyForDeploymentPostprocessing = 0;
		};
/* End PBXFrameworksBuildPhase section */

/* Begin PBXGroup section */
		BE5257EA1FF8197500BDC75A = {
			isa = PBXGroup;
			children = (
				BE5257F51FF8197500BDC75A /* BoardGame */,
				BE5258101FF8197600BDC75A /* BoardGameTests */,
				BE52581B1FF8197600BDC75A /* BoardGameUITests */,
				BE5257F41FF8197500BDC75A /* Products */,
			);
			sourceTree = "<group>";
		};
		BE5257F41FF8197500BDC75A /* Products */ = {
			isa = PBXGroup;
			children = (
				BE5257F31FF8197500BDC75A /* BoardGame.app */,
				BE52580D1FF8197600BDC75A /* BoardGameTests.xctest */,
				BE5258181FF8197600BDC75A /* BoardGameUITests.xctest */,
			);
			name = Products;
			sourceTree = "<group>";
		};
		BE5257F51FF8197500BDC75A /* BoardGame */ = {
			isa = PBXGroup;
			children = (
				BE921C582002BB440029FFB3 /* BoardGame+Equatable.swift */,
				BE921C5A2002BBAD0029FFB3 /* BoardGame+CustomStringConvertible.swift */,
				BE5257F61FF8197500BDC75A /* AppDelegate+BoilerPlate.swift */,
				BEF3A0F61FFB160800354075 /* Model */,
				BEF3A0F51FFB15EB00354075 /* Controller */,
				BEF3A0F41FFB15C800354075 /* View */,
				BE5258001FF8197500BDC75A /* Main.storyboard */,
				BE5258031FF8197500BDC75A /* Assets.xcassets */,
				BE5258051FF8197500BDC75A /* LaunchScreen.storyboard */,
				BE5258081FF8197500BDC75A /* Info.plist */,
			);
			path = BoardGame;
			sourceTree = "<group>";
		};
		BE5258101FF8197600BDC75A /* BoardGameTests */ = {
			isa = PBXGroup;
			children = (
				BE5258111FF8197600BDC75A /* BoardDeltaTests.swift */,
				BE5258131FF8197600BDC75A /* Info.plist */,
			);
			path = BoardGameTests;
			sourceTree = "<group>";
		};
		BE52581B1FF8197600BDC75A /* BoardGameUITests */ = {
			isa = PBXGroup;
			children = (
				BE52581C1FF8197600BDC75A /* BoardGameUITests.swift */,
				BE52581E1FF8197600BDC75A /* Info.plist */,
			);
			path = BoardGameUITests;
			sourceTree = "<group>";
		};
		BEF3A0F41FFB15C800354075 /* View */ = {
			isa = PBXGroup;
			children = (
				BE52582A1FF81A3B00BDC75A /* BoardGameScene.swift */,
				BEF59ABE1FF98A0400F734B1 /* BoardGameTile.swift */,
			);
			path = View;
			sourceTree = "<group>";
		};
		BEF3A0F51FFB15EB00354075 /* Controller */ = {
			isa = PBXGroup;
			children = (
				BE5257FE1FF8197500BDC75A /* BoardGameViewController.swift */,
			);
			path = Controller;
			sourceTree = "<group>";
		};
		BEF3A0F61FFB160800354075 /* Model */ = {
			isa = PBXGroup;
			children = (
				BEF3A1031FFB16EC00354075 /* Game.swift */,
				BEF3A0FD1FFB16C000354075 /* ShiftMove.swift */,
				BEF3A0FA1FFB164900354075 /* BoardDelta.swift */,
				BEF3A1001FFB16DC00354075 /* Board.swift */,
				BEF3A0F71FFB163300354075 /* Direction.swift */,
			);
			path = Model;
			sourceTree = "<group>";
		};
/* End PBXGroup section */

/* Begin PBXNativeTarget section */
		BE5257F21FF8197500BDC75A /* BoardGame */ = {
			isa = PBXNativeTarget;
			buildConfigurationList = BE5258211FF8197600BDC75A /* Build configuration list for PBXNativeTarget "BoardGame" */;
			buildPhases = (
				BE5257EF1FF8197500BDC75A /* Sources */,
				BE5257F01FF8197500BDC75A /* Frameworks */,
				BE5257F11FF8197500BDC75A /* Resources */,
			);
			buildRules = (
			);
			dependencies = (
			);
			name = BoardGame;
			productName = BoardGame;
			productReference = BE5257F31FF8197500BDC75A /* BoardGame.app */;
			productType = "com.apple.product-type.application";
		};
		BE52580C1FF8197600BDC75A /* BoardGameTests */ = {
			isa = PBXNativeTarget;
			buildConfigurationList = BE5258241FF8197600BDC75A /* Build configuration list for PBXNativeTarget "BoardGameTests" */;
			buildPhases = (
				BE5258091FF8197600BDC75A /* Sources */,
				BE52580A1FF8197600BDC75A /* Frameworks */,
				BE52580B1FF8197600BDC75A /* Resources */,
			);
			buildRules = (
			);
			dependencies = (
				BE52580F1FF8197600BDC75A /* PBXTargetDependency */,
			);
			name = BoardGameTests;
			productName = BoardGameTests;
			productReference = BE52580D1FF8197600BDC75A /* BoardGameTests.xctest */;
			productType = "com.apple.product-type.bundle.unit-test";
		};
		BE5258171FF8197600BDC75A /* BoardGameUITests */ = {
			isa = PBXNativeTarget;
			buildConfigurationList = BE5258271FF8197600BDC75A /* Build configuration list for PBXNativeTarget "BoardGameUITests" */;
			buildPhases = (
				BE5258141FF8197600BDC75A /* Sources */,
				BE5258151FF8197600BDC75A /* Frameworks */,
				BE5258161FF8197600BDC75A /* Resources */,
			);
			buildRules = (
			);
			dependencies = (
				BE52581A1FF8197600BDC75A /* PBXTargetDependency */,
			);
			name = BoardGameUITests;
			productName = BoardGameUITests;
			productReference = BE5258181FF8197600BDC75A /* BoardGameUITests.xctest */;
			productType = "com.apple.product-type.bundle.ui-testing";
		};
/* End PBXNativeTarget section */

/* Begin PBXProject section */
		BE5257EB1FF8197500BDC75A /* Project object */ = {
			isa = PBXProject;
			attributes = {
				LastSwiftUpdateCheck = 0920;
				LastUpgradeCheck = 0920;
				ORGANIZATIONNAME = "Bruce Ricketts";
				TargetAttributes = {
					BE5257F21FF8197500BDC75A = {
						CreatedOnToolsVersion = 9.2;
						ProvisioningStyle = Automatic;
					};
					BE52580C1FF8197600BDC75A = {
						CreatedOnToolsVersion = 9.2;
						ProvisioningStyle = Automatic;
						TestTargetID = BE5257F21FF8197500BDC75A;
					};
					BE5258171FF8197600BDC75A = {
						CreatedOnToolsVersion = 9.2;
						ProvisioningStyle = Automatic;
						TestTargetID = BE5257F21FF8197500BDC75A;
					};
				};
			};
			buildConfigurationList = BE5257EE1FF8197500BDC75A /* Build configuration list for PBXProject "BoardGame" */;
			compatibilityVersion = "Xcode 8.0";
			developmentRegion = en;
			hasScannedForEncodings = 0;
			knownRegions = (
				en,
				Base,
			);
			mainGroup = BE5257EA1FF8197500BDC75A;
			productRefGroup = BE5257F41FF8197500BDC75A /* Products */;
			projectDirPath = "";
			projectRoot = "";
			targets = (
				BE5257F21FF8197500BDC75A /* BoardGame */,
				BE52580C1FF8197600BDC75A /* BoardGameTests */,
				BE5258171FF8197600BDC75A /* BoardGameUITests */,
			);
		};
/* End PBXProject section */

/* Begin PBXResourcesBuildPhase section */
		BE5257F11FF8197500BDC75A /* Resources */ = {
			isa = PBXResourcesBuildPhase;
			buildActionMask = 2147483647;
			files = (
				BE5258021FF8197500BDC75A /* Main.storyboard in Resources */,
				BE5258041FF8197500BDC75A /* Assets.xcassets in Resources */,
				BE5258071FF8197500BDC75A /* LaunchScreen.storyboard in Resources */,
			);
			runOnlyForDeploymentPostprocessing = 0;
		};
		BE52580B1FF8197600BDC75A /* Resources */ = {
			isa = PBXResourcesBuildPhase;
			buildActionMask = 2147483647;
			files = (
			);
			runOnlyForDeploymentPostprocessing = 0;
		};
		BE5258161FF8197600BDC75A /* Resources */ = {
			isa = PBXResourcesBuildPhase;
			buildActionMask = 2147483647;
			files = (
			);
			runOnlyForDeploymentPostprocessing = 0;
		};
/* End PBXResourcesBuildPhase section */

/* Begin PBXSourcesBuildPhase section */
		BE5257EF1FF8197500BDC75A /* Sources */ = {
			isa = PBXSourcesBuildPhase;
			buildActionMask = 2147483647;
			files = (
				BEF3A0FE1FFB16C000354075 /* ShiftMove.swift in Sources */,
				BE921C592002BB440029FFB3 /* BoardGame+Equatable.swift in Sources */,
				BE921C5B2002BBAD0029FFB3 /* BoardGame+CustomStringConvertible.swift in Sources */,
				BE52582B1FF81A3B00BDC75A /* BoardGameScene.swift in Sources */,
				BE5257FF1FF8197500BDC75A /* BoardGameViewController.swift in Sources */,
				BEF59ABF1FF98A0400F734B1 /* BoardGameTile.swift in Sources */,
				BEF3A1041FFB16EC00354075 /* Game.swift in Sources */,
				BEF3A0F81FFB163300354075 /* Direction.swift in Sources */,
				BE5257F71FF8197500BDC75A /* AppDelegate+BoilerPlate.swift in Sources */,
				BEF3A1011FFB16DC00354075 /* Board.swift in Sources */,
				BEF3A0FB1FFB164900354075 /* BoardDelta.swift in Sources */,
			);
			runOnlyForDeploymentPostprocessing = 0;
		};
		BE5258091FF8197600BDC75A /* Sources */ = {
			isa = PBXSourcesBuildPhase;
			buildActionMask = 2147483647;
			files = (
				BEF3A0FC1FFB164900354075 /* BoardDelta.swift in Sources */,
				BEF3A0FF1FFB16C000354075 /* ShiftMove.swift in Sources */,
				BE921C5C2002BBAD0029FFB3 /* BoardGame+CustomStringConvertible.swift in Sources */,
				BEF3A1051FFB16EC00354075 /* Game.swift in Sources */,
				BEF3A1021FFB16DC00354075 /* Board.swift in Sources */,
				BE921C5D2002BBC10029FFB3 /* BoardGame+Equatable.swift in Sources */,
				BE5258121FF8197600BDC75A /* BoardDeltaTests.swift in Sources */,
				BEF3A0F91FFB163300354075 /* Direction.swift in Sources */,
			);
			runOnlyForDeploymentPostprocessing = 0;
		};
		BE5258141FF8197600BDC75A /* Sources */ = {
			isa = PBXSourcesBuildPhase;
			buildActionMask = 2147483647;
			files = (
				BE52581D1FF8197600BDC75A /* BoardGameUITests.swift in Sources */,
			);
			runOnlyForDeploymentPostprocessing = 0;
		};
/* End PBXSourcesBuildPhase section */

/* Begin PBXTargetDependency section */
		BE52580F1FF8197600BDC75A /* PBXTargetDependency */ = {
			isa = PBXTargetDependency;
			target = BE5257F21FF8197500BDC75A /* BoardGame */;
			targetProxy = BE52580E1FF8197600BDC75A /* PBXContainerItemProxy */;
		};
		BE52581A1FF8197600BDC75A /* PBXTargetDependency */ = {
			isa = PBXTargetDependency;
			target = BE5257F21FF8197500BDC75A /* BoardGame */;
			targetProxy = BE5258191FF8197600BDC75A /* PBXContainerItemProxy */;
		};
/* End PBXTargetDependency section */

/* Begin PBXVariantGroup section */
		BE5258001FF8197500BDC75A /* Main.storyboard */ = {
			isa = PBXVariantGroup;
			children = (
				BE5258011FF8197500BDC75A /* Base */,
			);
			name = Main.storyboard;
			sourceTree = "<group>";
		};
		BE5258051FF8197500BDC75A /* LaunchScreen.storyboard */ = {
			isa = PBXVariantGroup;
			children = (
				BE5258061FF8197500BDC75A /* Base */,
			);
			name = LaunchScreen.storyboard;
			sourceTree = "<group>";
		};
/* End PBXVariantGroup section */

/* Begin XCBuildConfiguration section */
		BE52581F1FF8197600BDC75A /* Debug */ = {
			isa = XCBuildConfiguration;
			buildSettings = {
				ALWAYS_SEARCH_USER_PATHS = NO;
				CLANG_ANALYZER_NONNULL = YES;
				CLANG_ANALYZER_NUMBER_OBJECT_CONVERSION = YES_AGGRESSIVE;
				CLANG_CXX_LANGUAGE_STANDARD = "gnu++14";
				CLANG_CXX_LIBRARY = "libc++";
				CLANG_ENABLE_MODULES = YES;
				CLANG_ENABLE_OBJC_ARC = YES;
				CLANG_WARN_BLOCK_CAPTURE_AUTORELEASING = YES;
				CLANG_WARN_BOOL_CONVERSION = YES;
				CLANG_WARN_COMMA = YES;
				CLANG_WARN_CONSTANT_CONVERSION = YES;
				CLANG_WARN_DIRECT_OBJC_ISA_USAGE = YES_ERROR;
				CLANG_WARN_DOCUMENTATION_COMMENTS = YES;
				CLANG_WARN_EMPTY_BODY = YES;
				CLANG_WARN_ENUM_CONVERSION = YES;
				CLANG_WARN_INFINITE_RECURSION = YES;
				CLANG_WARN_INT_CONVERSION = YES;
				CLANG_WARN_NON_LITERAL_NULL_CONVERSION = YES;
				CLANG_WARN_OBJC_LITERAL_CONVERSION = YES;
				CLANG_WARN_OBJC_ROOT_CLASS = YES_ERROR;
				CLANG_WARN_RANGE_LOOP_ANALYSIS = YES;
				CLANG_WARN_STRICT_PROTOTYPES = YES;
				CLANG_WARN_SUSPICIOUS_MOVE = YES;
				CLANG_WARN_UNGUARDED_AVAILABILITY = YES_AGGRESSIVE;
				CLANG_WARN_UNREACHABLE_CODE = YES;
				CLANG_WARN__DUPLICATE_METHOD_MATCH = YES;
				CODE_SIGN_IDENTITY = "iPhone Developer";
				COPY_PHASE_STRIP = NO;
				DEBUG_INFORMATION_FORMAT = dwarf;
				ENABLE_STRICT_OBJC_MSGSEND = YES;
				ENABLE_TESTABILITY = YES;
				GCC_C_LANGUAGE_STANDARD = gnu11;
				GCC_DYNAMIC_NO_PIC = NO;
				GCC_NO_COMMON_BLOCKS = YES;
				GCC_OPTIMIZATION_LEVEL = 0;
				GCC_PREPROCESSOR_DEFINITIONS = (
					"DEBUG=1",
					"$(inherited)",
				);
				GCC_WARN_64_TO_32_BIT_CONVERSION = YES;
				GCC_WARN_ABOUT_RETURN_TYPE = YES_ERROR;
				GCC_WARN_UNDECLARED_SELECTOR = YES;
				GCC_WARN_UNINITIALIZED_AUTOS = YES_AGGRESSIVE;
				GCC_WARN_UNUSED_FUNCTION = YES;
				GCC_WARN_UNUSED_VARIABLE = YES;
				IPHONEOS_DEPLOYMENT_TARGET = 11.2;
				MTL_ENABLE_DEBUG_INFO = YES;
				ONLY_ACTIVE_ARCH = YES;
				SDKROOT = iphoneos;
				SWIFT_ACTIVE_COMPILATION_CONDITIONS = DEBUG;
				SWIFT_OPTIMIZATION_LEVEL = "-Onone";
			};
			name = Debug;
		};
		BE5258201FF8197600BDC75A /* Release */ = {
			isa = XCBuildConfiguration;
			buildSettings = {
				ALWAYS_SEARCH_USER_PATHS = NO;
				CLANG_ANALYZER_NONNULL = YES;
				CLANG_ANALYZER_NUMBER_OBJECT_CONVERSION = YES_AGGRESSIVE;
				CLANG_CXX_LANGUAGE_STANDARD = "gnu++14";
				CLANG_CXX_LIBRARY = "libc++";
				CLANG_ENABLE_MODULES = YES;
				CLANG_ENABLE_OBJC_ARC = YES;
				CLANG_WARN_BLOCK_CAPTURE_AUTORELEASING = YES;
				CLANG_WARN_BOOL_CONVERSION = YES;
				CLANG_WARN_COMMA = YES;
				CLANG_WARN_CONSTANT_CONVERSION = YES;
				CLANG_WARN_DIRECT_OBJC_ISA_USAGE = YES_ERROR;
				CLANG_WARN_DOCUMENTATION_COMMENTS = YES;
				CLANG_WARN_EMPTY_BODY = YES;
				CLANG_WARN_ENUM_CONVERSION = YES;
				CLANG_WARN_INFINITE_RECURSION = YES;
				CLANG_WARN_INT_CONVERSION = YES;
				CLANG_WARN_NON_LITERAL_NULL_CONVERSION = YES;
				CLANG_WARN_OBJC_LITERAL_CONVERSION = YES;
				CLANG_WARN_OBJC_ROOT_CLASS = YES_ERROR;
				CLANG_WARN_RANGE_LOOP_ANALYSIS = YES;
				CLANG_WARN_STRICT_PROTOTYPES = YES;
				CLANG_WARN_SUSPICIOUS_MOVE = YES;
				CLANG_WARN_UNGUARDED_AVAILABILITY = YES_AGGRESSIVE;
				CLANG_WARN_UNREACHABLE_CODE = YES;
				CLANG_WARN__DUPLICATE_METHOD_MATCH = YES;
				CODE_SIGN_IDENTITY = "iPhone Developer";
				COPY_PHASE_STRIP = NO;
				DEBUG_INFORMATION_FORMAT = "dwarf-with-dsym";
				ENABLE_NS_ASSERTIONS = NO;
				ENABLE_STRICT_OBJC_MSGSEND = YES;
				GCC_C_LANGUAGE_STANDARD = gnu11;
				GCC_NO_COMMON_BLOCKS = YES;
				GCC_WARN_64_TO_32_BIT_CONVERSION = YES;
				GCC_WARN_ABOUT_RETURN_TYPE = YES_ERROR;
				GCC_WARN_UNDECLARED_SELECTOR = YES;
				GCC_WARN_UNINITIALIZED_AUTOS = YES_AGGRESSIVE;
				GCC_WARN_UNUSED_FUNCTION = YES;
				GCC_WARN_UNUSED_VARIABLE = YES;
				IPHONEOS_DEPLOYMENT_TARGET = 11.2;
				MTL_ENABLE_DEBUG_INFO = NO;
				SDKROOT = iphoneos;
				SWIFT_OPTIMIZATION_LEVEL = "-Owholemodule";
				VALIDATE_PRODUCT = YES;
			};
			name = Release;
		};
		BE5258221FF8197600BDC75A /* Debug */ = {
			isa = XCBuildConfiguration;
			buildSettings = {
				ASSETCATALOG_COMPILER_APPICON_NAME = AppIcon;
				CODE_SIGN_STYLE = Automatic;
				INFOPLIST_FILE = BoardGame/Info.plist;
				LD_RUNPATH_SEARCH_PATHS = "$(inherited) @executable_path/Frameworks";
				PRODUCT_BUNDLE_IDENTIFIER = byricketts.BoardGame;
				PRODUCT_NAME = "$(TARGET_NAME)";
				SWIFT_VERSION = 4.0;
				TARGETED_DEVICE_FAMILY = "1,2";
			};
			name = Debug;
		};
		BE5258231FF8197600BDC75A /* Release */ = {
			isa = XCBuildConfiguration;
			buildSettings = {
				ASSETCATALOG_COMPILER_APPICON_NAME = AppIcon;
				CODE_SIGN_STYLE = Automatic;
				INFOPLIST_FILE = BoardGame/Info.plist;
				LD_RUNPATH_SEARCH_PATHS = "$(inherited) @executable_path/Frameworks";
				PRODUCT_BUNDLE_IDENTIFIER = byricketts.BoardGame;
				PRODUCT_NAME = "$(TARGET_NAME)";
				SWIFT_VERSION = 4.0;
				TARGETED_DEVICE_FAMILY = "1,2";
			};
			name = Release;
		};
		BE5258251FF8197600BDC75A /* Debug */ = {
			isa = XCBuildConfiguration;
			buildSettings = {
				ALWAYS_EMBED_SWIFT_STANDARD_LIBRARIES = YES;
				BUNDLE_LOADER = "$(TEST_HOST)";
				CODE_SIGN_STYLE = Automatic;
				INFOPLIST_FILE = BoardGameTests/Info.plist;
				LD_RUNPATH_SEARCH_PATHS = "$(inherited) @executable_path/Frameworks @loader_path/Frameworks";
				PRODUCT_BUNDLE_IDENTIFIER = byricketts.BoardGameTests;
				PRODUCT_NAME = "$(TARGET_NAME)";
				SWIFT_VERSION = 4.0;
				TARGETED_DEVICE_FAMILY = "1,2";
				TEST_HOST = "$(BUILT_PRODUCTS_DIR)/BoardGame.app/BoardGame";
			};
			name = Debug;
		};
		BE5258261FF8197600BDC75A /* Release */ = {
			isa = XCBuildConfiguration;
			buildSettings = {
				ALWAYS_EMBED_SWIFT_STANDARD_LIBRARIES = YES;
				BUNDLE_LOADER = "$(TEST_HOST)";
				CODE_SIGN_STYLE = Automatic;
				INFOPLIST_FILE = BoardGameTests/Info.plist;
				LD_RUNPATH_SEARCH_PATHS = "$(inherited) @executable_path/Frameworks @loader_path/Frameworks";
				PRODUCT_BUNDLE_IDENTIFIER = byricketts.BoardGameTests;
				PRODUCT_NAME = "$(TARGET_NAME)";
				SWIFT_VERSION = 4.0;
				TARGETED_DEVICE_FAMILY = "1,2";
				TEST_HOST = "$(BUILT_PRODUCTS_DIR)/BoardGame.app/BoardGame";
			};
			name = Release;
		};
		BE5258281FF8197600BDC75A /* Debug */ = {
			isa = XCBuildConfiguration;
			buildSettings = {
				ALWAYS_EMBED_SWIFT_STANDARD_LIBRARIES = YES;
				CODE_SIGN_STYLE = Automatic;
				INFOPLIST_FILE = BoardGameUITests/Info.plist;
				LD_RUNPATH_SEARCH_PATHS = "$(inherited) @executable_path/Frameworks @loader_path/Frameworks";
				PRODUCT_BUNDLE_IDENTIFIER = byricketts.BoardGameUITests;
				PRODUCT_NAME = "$(TARGET_NAME)";
				SWIFT_VERSION = 4.0;
				TARGETED_DEVICE_FAMILY = "1,2";
				TEST_TARGET_NAME = BoardGame;
			};
			name = Debug;
		};
		BE5258291FF8197600BDC75A /* Release */ = {
			isa = XCBuildConfiguration;
			buildSettings = {
				ALWAYS_EMBED_SWIFT_STANDARD_LIBRARIES = YES;
				CODE_SIGN_STYLE = Automatic;
				INFOPLIST_FILE = BoardGameUITests/Info.plist;
				LD_RUNPATH_SEARCH_PATHS = "$(inherited) @executable_path/Frameworks @loader_path/Frameworks";
				PRODUCT_BUNDLE_IDENTIFIER = byricketts.BoardGameUITests;
				PRODUCT_NAME = "$(TARGET_NAME)";
				SWIFT_VERSION = 4.0;
				TARGETED_DEVICE_FAMILY = "1,2";
				TEST_TARGET_NAME = BoardGame;
			};
			name = Release;
		};
/* End XCBuildConfiguration section */

/* Begin XCConfigurationList section */
		BE5257EE1FF8197500BDC75A /* Build configuration list for PBXProject "BoardGame" */ = {
			isa = XCConfigurationList;
			buildConfigurations = (
				BE52581F1FF8197600BDC75A /* Debug */,
				BE5258201FF8197600BDC75A /* Release */,
			);
			defaultConfigurationIsVisible = 0;
			defaultConfigurationName = Release;
		};
		BE5258211FF8197600BDC75A /* Build configuration list for PBXNativeTarget "BoardGame" */ = {
			isa = XCConfigurationList;
			buildConfigurations = (
				BE5258221FF8197600BDC75A /* Debug */,
				BE5258231FF8197600BDC75A /* Release */,
			);
			defaultConfigurationIsVisible = 0;
			defaultConfigurationName = Release;
		};
		BE5258241FF8197600BDC75A /* Build configuration list for PBXNativeTarget "BoardGameTests" */ = {
			isa = XCConfigurationList;
			buildConfigurations = (
				BE5258251FF8197600BDC75A /* Debug */,
				BE5258261FF8197600BDC75A /* Release */,
			);
			defaultConfigurationIsVisible = 0;
			defaultConfigurationName = Release;
		};
		BE5258271FF8197600BDC75A /* Build configuration list for PBXNativeTarget "BoardGameUITests" */ = {
			isa = XCConfigurationList;
			buildConfigurations = (
				BE5258281FF8197600BDC75A /* Debug */,
				BE5258291FF8197600BDC75A /* Release */,
			);
			defaultConfigurationIsVisible = 0;
			defaultConfigurationName = Release;
		};
/* End XCConfigurationList section */
	};
	rootObject = BE5257EB1FF8197500BDC75A /* Project object */;
}
